{
  "name": "sca-practice",
  "version": "1.0.0",
  "lockfileVersion": 3,
  "requires": true,
  "packages": {
    "": {
      "name": "sca-practice",
      "version": "1.0.0",
      "license": "ISC",
      "dependencies": {
        "jquery": "3.4.1",
        "lodash": "4.17.20"
      }
    },
    "node_modules/jquery": {
      "version": "3.4.1",
      "resolved": "https://registry.npmjs.org/jquery/-/jquery-3.4.1.tgz",
      "integrity": "sha512-36+AdBzCL+y6qjw5Tx7HgzeGCzC81MDDgaUP8ld2zhx58HdqXGoBd+tHdrBMiyjGQs0Hxs/MLZTu/eHNJJuWPw==",
      "deprecated": "This version is deprecated. Please upgrade to the latest version or find support at https://www.herodevs.com/support/jquery-nes or https://tuxcare.com/lp/click-jquery-support/.",
      "license": "MIT"
    },
    "node_modules/lodash": {
      "version": "4.17.20",
      "resolved": "https://registry.npmjs.org/lodash/-/lodash-4.17.20.tgz",
      "integrity": "sha512-PlhdFcillOINfeV7Ni6oF1TAEayyZBoZ8bcshTHqOYJYlrqzRK5hagpagky5o4HfCzzd1TRkXPMFq6cKk9rGmA==",
      "license": "MIT"
    }
  }
}
